
Microsoft Visual Studio Solution File, Format Version 12.00
# Visual Studio 15
Project("{FAE04EC0-301F-11D3-BF4B-00C04F79EFBC}") = "RunIntoFlowers", "RunIntoFlowers.csproj", "{F8AFD430-285B-DA51-2825-DAC6DAA5BF78}"
EndProject
Project("{FAE04EC0-301F-11D3-BF4B-00C04F79EFBC}") = "RunIntoFlowers.Editor", "RunIntoFlowers.Editor.csproj", "{F9E9926B-ACEA-7CA2-48E1-8B4235BB2A24}"
EndProject
Global
	GlobalSection(SolutionConfigurationPlatforms) = preSolution
		Debug|Any CPU = Debug|Any CPU
		Release|Any CPU = Release|Any CPU
	EndGlobalSection
	GlobalSection(ProjectConfigurationPlatforms) = postSolution
		{F8AFD430-285B-DA51-2825-DAC6DAA5BF78}.Debug|Any CPU.ActiveCfg = Debug|Any CPU
		{F8AFD430-285B-DA51-2825-DAC6DAA5BF78}.Debug|Any CPU.Build.0 = Debug|Any CPU
		{F8AFD430-285B-DA51-2825-DAC6DAA5BF78}.Release|Any CPU.ActiveCfg = Release|Any CPU
		{F8AFD430-285B-DA51-2825-DAC6DAA5BF78}.Release|Any CPU.Build.0 = Release|Any CPU
		{F9E9926B-ACEA-7CA2-48E1-8B4235BB2A24}.Debug|Any CPU.ActiveCfg = Debug|Any CPU
		{F9E9926B-ACEA-7CA2-48E1-8B4235BB2A24}.Debug|Any CPU.Build.0 = Debug|Any CPU
		{F9E9926B-ACEA-7CA2-48E1-8B4235BB2A24}.Release|Any CPU.ActiveCfg = Release|Any CPU
		{F9E9926B-ACEA-7CA2-48E1-8B4235BB2A24}.Release|Any CPU.Build.0 = Release|Any CPU
	EndGlobalSection
	GlobalSection(SolutionProperties) = preSolution
		HideSolutionNode = FALSE
	EndGlobalSection
EndGlobal
